
Microsoft Visual Studio Solution File, Format Version 12.00
# Visual Studio Version 17
VisualStudioVersion = 17.5.33516.290
MinimumVisualStudioVersion = 10.0.40219.1
Project("{FAE04EC0-301F-11D3-BF4B-00C04F79EFBC}") = "OmdbApp_MVP", "OmdbApp_MVP\OmdbApp_MVP.csproj", "{F0CB7C0E-363B-46C1-A311-20843880FC84}"
EndProject
Global
	GlobalSection(SolutionConfigurationPlatforms) = preSolution
		Debug|Any CPU = Debug|Any CPU
		Release|Any CPU = Release|Any CPU
	EndGlobalSection
	GlobalSection(ProjectConfigurationPlatforms) = postSolution
		{F0CB7C0E-363B-46C1-A311-20843880FC84}.Debug|Any CPU.ActiveCfg = Debug|Any CPU
		{F0CB7C0E-363B-46C1-A311-20843880FC84}.Debug|Any CPU.Build.0 = Debug|Any CPU
		{F0CB7C0E-363B-46C1-A311-20843880FC84}.Release|Any CPU.ActiveCfg = Release|Any CPU
		{F0CB7C0E-363B-46C1-A311-20843880FC84}.Release|Any CPU.Build.0 = Release|Any CPU
	EndGlobalSection
	GlobalSection(SolutionProperties) = preSolution
		HideSolutionNode = FALSE
	EndGlobalSection
	GlobalSection(ExtensibilityGlobals) = postSolution
		SolutionGuid = {A521E17B-477A-4F9D-BAE0-A2C3D93DB2E5}
	EndGlobalSection
EndGlobal
